
Microsoft Visual Studio Solution File, Format Version 12.00
# Visual Studio 15
VisualStudioVersion = 15.0.28010.2016
MinimumVisualStudioVersion = 10.0.40219.1
Project("{FAE04EC0-301F-11D3-BF4B-00C04F79EFBC}") = "Project OOP", "Project OOP.csproj", "{148D5C9F-0146-4EBA-9BD9-53ED4A2B4A7C}"
EndProject
Global
	GlobalSection(SolutionConfigurationPlatforms) = preSolution
		Debug|Any CPU = Debug|Any CPU
		Release|Any CPU = Release|Any CPU
	EndGlobalSection
	GlobalSection(ProjectConfigurationPlatforms) = postSolution
		{148D5C9F-0146-4EBA-9BD9-53ED4A2B4A7C}.Debug|Any CPU.ActiveCfg = Debug|Any CPU
		{148D5C9F-0146-4EBA-9BD9-53ED4A2B4A7C}.Debug|Any CPU.Build.0 = Debug|Any CPU
		{148D5C9F-0146-4EBA-9BD9-53ED4A2B4A7C}.Release|Any CPU.ActiveCfg = Release|Any CPU
		{148D5C9F-0146-4EBA-9BD9-53ED4A2B4A7C}.Release|Any CPU.Build.0 = Release|Any CPU
	EndGlobalSection
	GlobalSection(SolutionProperties) = preSolution
		HideSolutionNode = FALSE
	EndGlobalSection
	GlobalSection(ExtensibilityGlobals) = postSolution
		SolutionGuid = {83D3F272-C8AD-4380-8006-EC7E5677BFB8}
	EndGlobalSection
EndGlobal
